
Microsoft Visual Studio Solution File, Format Version 12.00
# Visual Studio Version 17
VisualStudioVersion = 17.5.33516.290
MinimumVisualStudioVersion = 10.0.40219.1
Project("{2150E333-8FDC-42A3-9474-1A3956D46DE8}") = "src", "src", "{5468871A-EAF8-459B-9897-5F07A4ECE56A}"
EndProject
Project("{2150E333-8FDC-42A3-9474-1A3956D46DE8}") = "tests", "tests", "{982E045F-8CEC-4D33-9BCD-C66239CF3517}"
EndProject
Project("{2150E333-8FDC-42A3-9474-1A3956D46DE8}") = "dapr", "dapr", "{A60C3AE5-0885-47D8-BDD3-14EC77F5F7E5}"
EndProject
Project("{2150E333-8FDC-42A3-9474-1A3956D46DE8}") = "components", "components", "{022D54AB-DC25-4721-BA0A-233BDAB3CD0E}"
	ProjectSection(SolutionItems) = preProject
		dapr\components\brainykat-pubsub.yaml = dapr\components\brainykat-pubsub.yaml
		dapr\components\brainykat-secrets.json = dapr\components\brainykat-secrets.json
		dapr\components\brainykat-secretstore.yaml = dapr\components\brainykat-secretstore.yaml
		dapr\components\brainykat-statestore.yaml = dapr\components\brainykat-statestore.yaml
	EndProjectSection
EndProject
Project("{2150E333-8FDC-42A3-9474-1A3956D46DE8}") = "configuration", "configuration", "{F285F59C-BC86-4DDD-9CE9-E797E7A96F07}"
	ProjectSection(SolutionItems) = preProject
		dapr\configuration\brainykat-config.yaml = dapr\configuration\brainykat-config.yaml
	EndProjectSection
EndProject
Project("{2150E333-8FDC-42A3-9474-1A3956D46DE8}") = "ApiGateways", "ApiGateways", "{2F6F271F-FF7B-4F2A-BD91-FE06CB55AC7D}"
EndProject
Project("{2150E333-8FDC-42A3-9474-1A3956D46DE8}") = "Aggregators", "Aggregators", "{D77FFE7E-9A3B-4C89-A4E7-EB15CEE8838A}"
EndProject
Project("{2150E333-8FDC-42A3-9474-1A3956D46DE8}") = "Envoy", "Envoy", "{072CC8AC-79C5-49DE-BC27-609F08A7E447}"
EndProject
Project("{2150E333-8FDC-42A3-9474-1A3956D46DE8}") = "BuildingBlocks", "BuildingBlocks", "{4731D618-AD96-4498-9162-2B1CFDB6114F}"
EndProject
Project("{2150E333-8FDC-42A3-9474-1A3956D46DE8}") = "HealthChecks", "HealthChecks", "{0A098333-B841-43B3-BA11-6E2E7E9B6A2E}"
EndProject
Project("{2150E333-8FDC-42A3-9474-1A3956D46DE8}") = "Services", "Services", "{9FBA264A-ED79-4B83-AA25-31758FC5CC08}"
EndProject
Project("{2150E333-8FDC-42A3-9474-1A3956D46DE8}") = "Web", "Web", "{03D8F367-80A6-4CEA-A63E-09B430E31D74}"
EndProject
Project("{2150E333-8FDC-42A3-9474-1A3956D46DE8}") = "CustomerSvc", "CustomerSvc", "{4E6C2612-9749-466B-BBE1-82550C10088B}"
EndProject
Project("{2150E333-8FDC-42A3-9474-1A3956D46DE8}") = "FinanceSvc", "FinanceSvc", "{412D0008-4776-414F-867D-BC886B66F530}"
EndProject
Project("{2150E333-8FDC-42A3-9474-1A3956D46DE8}") = "InfrastructureSvc", "InfrastructureSvc", "{EB30FE4F-432A-4B0A-8836-0DD3A5C59566}"
EndProject
Project("{9A19103F-16F7-4668-BE54-9A1E7A4F7556}") = "Customers.API", "src\Services\CustomerService\Customers.API\Customers.API.csproj", "{47440A5F-9AAA-486C-A6C0-707151659B62}"
EndProject
Project("{9A19103F-16F7-4668-BE54-9A1E7A4F7556}") = "Customers.Domain", "src\Services\CustomerService\Customers.Domain\Customers.Domain.csproj", "{AB5B02F4-7F79-47B6-A54D-AA1453569784}"
EndProject
Project("{9A19103F-16F7-4668-BE54-9A1E7A4F7556}") = "Customers.Data", "src\Services\CustomerService\Customers.Data\Customers.Data.csproj", "{1FC17204-35EF-4D54-8E7A-A40D789C1F4C}"
EndProject
Project("{9A19103F-16F7-4668-BE54-9A1E7A4F7556}") = "Customers.Services", "src\Services\CustomerService\Customers.Services\Customers.Services.csproj", "{9322A53F-0BF0-458B-8ABE-FC1598A66A8B}"
EndProject
Project("{9A19103F-16F7-4668-BE54-9A1E7A4F7556}") = "Finance.API", "src\Services\FinanceService\Finance.API\Finance.API.csproj", "{0A3933AC-9C36-419D-9CB2-C69D6985CB58}"
EndProject
Project("{9A19103F-16F7-4668-BE54-9A1E7A4F7556}") = "Finance.Data", "src\Services\FinanceService\Finance.Data\Finance.Data.csproj", "{DDCBE352-B523-4C12-906B-DB5FFB4D0902}"
EndProject
Project("{9A19103F-16F7-4668-BE54-9A1E7A4F7556}") = "Finance.Domain", "src\Services\FinanceService\Finance.Domain\Finance.Domain.csproj", "{0FCF6328-0073-4037-9361-F5847DEC481E}"
EndProject
Project("{9A19103F-16F7-4668-BE54-9A1E7A4F7556}") = "Finance.Services", "src\Services\FinanceService\Finance.Services\Finance.Services.csproj", "{07ADC879-224D-483C-8E9D-12B0C77EDF61}"
EndProject
Project("{9A19103F-16F7-4668-BE54-9A1E7A4F7556}") = "Infrastructure.API", "src\Services\InfrastructureService\Infrastructure.API\Infrastructure.API.csproj", "{F92F216A-9A54-4A22-A2F5-1D357D5A027D}"
EndProject
Project("{9A19103F-16F7-4668-BE54-9A1E7A4F7556}") = "Infrastructure.Data", "src\Services\InfrastructureService\Infrastructure.Data\Infrastructure.Data.csproj", "{5A356638-BD09-443D-B0FE-670222C89287}"
EndProject
Project("{9A19103F-16F7-4668-BE54-9A1E7A4F7556}") = "Infrastructure.Domain", "src\Services\InfrastructureService\Infrastructure.Domain\Infrastructure.Domain.csproj", "{0FF25A92-88E5-4055-9BE2-233A32617BFD}"
EndProject
Project("{9A19103F-16F7-4668-BE54-9A1E7A4F7556}") = "Infrastructure.Services", "src\Services\InfrastructureService\Infrastructure.Services\Infrastructure.Services.csproj", "{8FD15316-4864-4C82-BF51-8FE33A2055DB}"
EndProject
Project("{9A19103F-16F7-4668-BE54-9A1E7A4F7556}") = "WebBff.API", "src\APIGateways\Aggregators\WebBff.API\WebBff.API.csproj", "{01A338B8-B12C-4981-AC78-56D474990985}"
EndProject
Project("{9A19103F-16F7-4668-BE54-9A1E7A4F7556}") = "SharedBase", "src\BuildingBlocks\SharedBase\SharedBase.csproj", "{046AD46B-2709-4864-8EC4-B68406330DEC}"
EndProject
Project("{2150E333-8FDC-42A3-9474-1A3956D46DE8}") = "Dtos", "Dtos", "{C9FD1334-B284-4DC7-B5AA-3C9333249868}"
EndProject
Project("{9A19103F-16F7-4668-BE54-9A1E7A4F7556}") = "CustomerDtos", "src\BuildingBlocks\Dtos\CustomerDtos\CustomerDtos.csproj", "{50E88AC6-D515-4F11-9C48-FF93F6878E37}"
EndProject
Project("{9A19103F-16F7-4668-BE54-9A1E7A4F7556}") = "WebHosts", "src\BuildingBlocks\WebHosts\WebHosts.csproj", "{1102858A-A6A1-453D-A110-5163B89EA754}"
EndProject
Project("{9A19103F-16F7-4668-BE54-9A1E7A4F7556}") = "Healthchecks", "src\BuildingBlocks\HealthChecks\Healthchecks\Healthchecks.csproj", "{B8C2B879-7D72-4079-821B-6C3D32C79A9E}"
EndProject
Project("{9A19103F-16F7-4668-BE54-9A1E7A4F7556}") = "AuthorizeAuthenticate", "src\BuildingBlocks\AuthorizeAuthenticate\AuthorizeAuthenticate.csproj", "{8EE675FE-A8D2-4346-A66D-756F9AC024F5}"
EndProject
Project("{E53339B2-1760-4266-BCC7-CA923CBCF16C}") = "docker-compose", "docker-compose.dcproj", "{F28AF0ED-F380-4E4A-96C6-86B38C042BB0}"
EndProject
Project("{9A19103F-16F7-4668-BE54-9A1E7A4F7556}") = "FinanceDtos", "src\BuildingBlocks\Dtos\FinanceDtos\FinanceDtos.csproj", "{E24746EA-EFF8-47CA-ACF5-FC2DBB52CADA}"
EndProject
Project("{9A19103F-16F7-4668-BE54-9A1E7A4F7556}") = "EventBus", "src\BuildingBlocks\EventBus\EventBus.csproj", "{12B817FD-E4F5-4B00-AC14-F0ED94A73B51}"
EndProject
Project("{9A19103F-16F7-4668-BE54-9A1E7A4F7556}") = "WebStatus", "src\Web\WebStatus\WebStatus.csproj", "{4808F2EF-9BCC-48F4-8A7A-B81DAA56E91D}"
EndProject
Project("{FAE04EC0-301F-11D3-BF4B-00C04F79EFBC}") = "SharedCommonViews", "src\BuildingBlocks\Dtos\SharedCommonViews\SharedCommonViews.csproj", "{ACE36BD9-5A57-485C-8E06-F3DE1FEA4522}"
EndProject
Global
	GlobalSection(SolutionConfigurationPlatforms) = preSolution
		Debug|Any CPU = Debug|Any CPU
		Release|Any CPU = Release|Any CPU
	EndGlobalSection
	GlobalSection(ProjectConfigurationPlatforms) = postSolution
		{47440A5F-9AAA-486C-A6C0-707151659B62}.Debug|Any CPU.ActiveCfg = Debug|Any CPU
		{47440A5F-9AAA-486C-A6C0-707151659B62}.Debug|Any CPU.Build.0 = Debug|Any CPU
		{47440A5F-9AAA-486C-A6C0-707151659B62}.Release|Any CPU.ActiveCfg = Release|Any CPU
		{47440A5F-9AAA-486C-A6C0-707151659B62}.Release|Any CPU.Build.0 = Release|Any CPU
		{AB5B02F4-7F79-47B6-A54D-AA1453569784}.Debug|Any CPU.ActiveCfg = Debug|Any CPU
		{AB5B02F4-7F79-47B6-A54D-AA1453569784}.Debug|Any CPU.Build.0 = Debug|Any CPU
		{AB5B02F4-7F79-47B6-A54D-AA1453569784}.Release|Any CPU.ActiveCfg = Release|Any CPU
		{AB5B02F4-7F79-47B6-A54D-AA1453569784}.Release|Any CPU.Build.0 = Release|Any CPU
		{1FC17204-35EF-4D54-8E7A-A40D789C1F4C}.Debug|Any CPU.ActiveCfg = Debug|Any CPU
		{1FC17204-35EF-4D54-8E7A-A40D789C1F4C}.Debug|Any CPU.Build.0 = Debug|Any CPU
		{1FC17204-35EF-4D54-8E7A-A40D789C1F4C}.Release|Any CPU.ActiveCfg = Release|Any CPU
		{1FC17204-35EF-4D54-8E7A-A40D789C1F4C}.Release|Any CPU.Build.0 = Release|Any CPU
		{9322A53F-0BF0-458B-8ABE-FC1598A66A8B}.Debug|Any CPU.ActiveCfg = Debug|Any CPU
		{9322A53F-0BF0-458B-8ABE-FC1598A66A8B}.Debug|Any CPU.Build.0 = Debug|Any CPU
		{9322A53F-0BF0-458B-8ABE-FC1598A66A8B}.Release|Any CPU.ActiveCfg = Release|Any CPU
		{9322A53F-0BF0-458B-8ABE-FC1598A66A8B}.Release|Any CPU.Build.0 = Release|Any CPU
		{0A3933AC-9C36-419D-9CB2-C69D6985CB58}.Debug|Any CPU.ActiveCfg = Debug|Any CPU
		{0A3933AC-9C36-419D-9CB2-C69D6985CB58}.Debug|Any CPU.Build.0 = Debug|Any CPU
		{0A3933AC-9C36-419D-9CB2-C69D6985CB58}.Release|Any CPU.ActiveCfg = Release|Any CPU
		{0A3933AC-9C36-419D-9CB2-C69D6985CB58}.Release|Any CPU.Build.0 = Release|Any CPU
		{DDCBE352-B523-4C12-906B-DB5FFB4D0902}.Debug|Any CPU.ActiveCfg = Debug|Any CPU
		{DDCBE352-B523-4C12-906B-DB5FFB4D0902}.Debug|Any CPU.Build.0 = Debug|Any CPU
		{DDCBE352-B523-4C12-906B-DB5FFB4D0902}.Release|Any CPU.ActiveCfg = Release|Any CPU
		{DDCBE352-B523-4C12-906B-DB5FFB4D0902}.Release|Any CPU.Build.0 = Release|Any CPU
		{0FCF6328-0073-4037-9361-F5847DEC481E}.Debug|Any CPU.ActiveCfg = Debug|Any CPU
		{0FCF6328-0073-4037-9361-F5847DEC481E}.Debug|Any CPU.Build.0 = Debug|Any CPU
		{0FCF6328-0073-4037-9361-F5847DEC481E}.Release|Any CPU.ActiveCfg = Release|Any CPU
		{0FCF6328-0073-4037-9361-F5847DEC481E}.Release|Any CPU.Build.0 = Release|Any CPU
		{07ADC879-224D-483C-8E9D-12B0C77EDF61}.Debug|Any CPU.ActiveCfg = Debug|Any CPU
		{07ADC879-224D-483C-8E9D-12B0C77EDF61}.Debug|Any CPU.Build.0 = Debug|Any CPU
		{07ADC879-224D-483C-8E9D-12B0C77EDF61}.Release|Any CPU.ActiveCfg = Release|Any CPU
		{07ADC879-224D-483C-8E9D-12B0C77EDF61}.Release|Any CPU.Build.0 = Release|Any CPU
		{F92F216A-9A54-4A22-A2F5-1D357D5A027D}.Debug|Any CPU.ActiveCfg = Debug|Any CPU
		{F92F216A-9A54-4A22-A2F5-1D357D5A027D}.Debug|Any CPU.Build.0 = Debug|Any CPU
		{F92F216A-9A54-4A22-A2F5-1D357D5A027D}.Release|Any CPU.ActiveCfg = Release|Any CPU
		{F92F216A-9A54-4A22-A2F5-1D357D5A027D}.Release|Any CPU.Build.0 = Release|Any CPU
		{5A356638-BD09-443D-B0FE-670222C89287}.Debug|Any CPU.ActiveCfg = Debug|Any CPU
		{5A356638-BD09-443D-B0FE-670222C89287}.Debug|Any CPU.Build.0 = Debug|Any CPU
		{5A356638-BD09-443D-B0FE-670222C89287}.Release|Any CPU.ActiveCfg = Release|Any CPU
		{5A356638-BD09-443D-B0FE-670222C89287}.Release|Any CPU.Build.0 = Release|Any CPU
		{0FF25A92-88E5-4055-9BE2-233A32617BFD}.Debug|Any CPU.ActiveCfg = Debug|Any CPU
		{0FF25A92-88E5-4055-9BE2-233A32617BFD}.Debug|Any CPU.Build.0 = Debug|Any CPU
		{0FF25A92-88E5-4055-9BE2-233A32617BFD}.Release|Any CPU.ActiveCfg = Release|Any CPU
		{0FF25A92-88E5-4055-9BE2-233A32617BFD}.Release|Any CPU.Build.0 = Release|Any CPU
		{8FD15316-4864-4C82-BF51-8FE33A2055DB}.Debug|Any CPU.ActiveCfg = Debug|Any CPU
		{8FD15316-4864-4C82-BF51-8FE33A2055DB}.Debug|Any CPU.Build.0 = Debug|Any CPU
		{8FD15316-4864-4C82-BF51-8FE33A2055DB}.Release|Any CPU.ActiveCfg = Release|Any CPU
		{8FD15316-4864-4C82-BF51-8FE33A2055DB}.Release|Any CPU.Build.0 = Release|Any CPU
		{01A338B8-B12C-4981-AC78-56D474990985}.Debug|Any CPU.ActiveCfg = Debug|Any CPU
		{01A338B8-B12C-4981-AC78-56D474990985}.Debug|Any CPU.Build.0 = Debug|Any CPU
		{01A338B8-B12C-4981-AC78-56D474990985}.Release|Any CPU.ActiveCfg = Release|Any CPU
		{01A338B8-B12C-4981-AC78-56D474990985}.Release|Any CPU.Build.0 = Release|Any CPU
		{046AD46B-2709-4864-8EC4-B68406330DEC}.Debug|Any CPU.ActiveCfg = Debug|Any CPU
		{046AD46B-2709-4864-8EC4-B68406330DEC}.Debug|Any CPU.Build.0 = Debug|Any CPU
		{046AD46B-2709-4864-8EC4-B68406330DEC}.Release|Any CPU.ActiveCfg = Release|Any CPU
		{046AD46B-2709-4864-8EC4-B68406330DEC}.Release|Any CPU.Build.0 = Release|Any CPU
		{50E88AC6-D515-4F11-9C48-FF93F6878E37}.Debug|Any CPU.ActiveCfg = Debug|Any CPU
		{50E88AC6-D515-4F11-9C48-FF93F6878E37}.Debug|Any CPU.Build.0 = Debug|Any CPU
		{50E88AC6-D515-4F11-9C48-FF93F6878E37}.Release|Any CPU.ActiveCfg = Release|Any CPU
		{50E88AC6-D515-4F11-9C48-FF93F6878E37}.Release|Any CPU.Build.0 = Release|Any CPU
		{1102858A-A6A1-453D-A110-5163B89EA754}.Debug|Any CPU.ActiveCfg = Debug|Any CPU
		{1102858A-A6A1-453D-A110-5163B89EA754}.Debug|Any CPU.Build.0 = Debug|Any CPU
		{1102858A-A6A1-453D-A110-5163B89EA754}.Release|Any CPU.ActiveCfg = Release|Any CPU
		{1102858A-A6A1-453D-A110-5163B89EA754}.Release|Any CPU.Build.0 = Release|Any CPU
		{B8C2B879-7D72-4079-821B-6C3D32C79A9E}.Debug|Any CPU.ActiveCfg = Debug|Any CPU
		{B8C2B879-7D72-4079-821B-6C3D32C79A9E}.Debug|Any CPU.Build.0 = Debug|Any CPU
		{B8C2B879-7D72-4079-821B-6C3D32C79A9E}.Release|Any CPU.ActiveCfg = Release|Any CPU
		{B8C2B879-7D72-4079-821B-6C3D32C79A9E}.Release|Any CPU.Build.0 = Release|Any CPU
		{8EE675FE-A8D2-4346-A66D-756F9AC024F5}.Debug|Any CPU.ActiveCfg = Debug|Any CPU
		{8EE675FE-A8D2-4346-A66D-756F9AC024F5}.Debug|Any CPU.Build.0 = Debug|Any CPU
		{8EE675FE-A8D2-4346-A66D-756F9AC024F5}.Release|Any CPU.ActiveCfg = Release|Any CPU
		{8EE675FE-A8D2-4346-A66D-756F9AC024F5}.Release|Any CPU.Build.0 = Release|Any CPU
		{F28AF0ED-F380-4E4A-96C6-86B38C042BB0}.Debug|Any CPU.ActiveCfg = Debug|Any CPU
		{F28AF0ED-F380-4E4A-96C6-86B38C042BB0}.Debug|Any CPU.Build.0 = Debug|Any CPU
		{F28AF0ED-F380-4E4A-96C6-86B38C042BB0}.Release|Any CPU.ActiveCfg = Release|Any CPU
		{F28AF0ED-F380-4E4A-96C6-86B38C042BB0}.Release|Any CPU.Build.0 = Release|Any CPU
		{E24746EA-EFF8-47CA-ACF5-FC2DBB52CADA}.Debug|Any CPU.ActiveCfg = Debug|Any CPU
		{E24746EA-EFF8-47CA-ACF5-FC2DBB52CADA}.Debug|Any CPU.Build.0 = Debug|Any CPU
		{E24746EA-EFF8-47CA-ACF5-FC2DBB52CADA}.Release|Any CPU.ActiveCfg = Release|Any CPU
		{E24746EA-EFF8-47CA-ACF5-FC2DBB52CADA}.Release|Any CPU.Build.0 = Release|Any CPU
		{12B817FD-E4F5-4B00-AC14-F0ED94A73B51}.Debug|Any CPU.ActiveCfg = Debug|Any CPU
		{12B817FD-E4F5-4B00-AC14-F0ED94A73B51}.Debug|Any CPU.Build.0 = Debug|Any CPU
		{12B817FD-E4F5-4B00-AC14-F0ED94A73B51}.Release|Any CPU.ActiveCfg = Release|Any CPU
		{12B817FD-E4F5-4B00-AC14-F0ED94A73B51}.Release|Any CPU.Build.0 = Release|Any CPU
		{4808F2EF-9BCC-48F4-8A7A-B81DAA56E91D}.Debug|Any CPU.ActiveCfg = Debug|Any CPU
		{4808F2EF-9BCC-48F4-8A7A-B81DAA56E91D}.Debug|Any CPU.Build.0 = Debug|Any CPU
		{4808F2EF-9BCC-48F4-8A7A-B81DAA56E91D}.Release|Any CPU.ActiveCfg = Release|Any CPU
		{4808F2EF-9BCC-48F4-8A7A-B81DAA56E91D}.Release|Any CPU.Build.0 = Release|Any CPU
		{ACE36BD9-5A57-485C-8E06-F3DE1FEA4522}.Debug|Any CPU.ActiveCfg = Debug|Any CPU
		{ACE36BD9-5A57-485C-8E06-F3DE1FEA4522}.Debug|Any CPU.Build.0 = Debug|Any CPU
		{ACE36BD9-5A57-485C-8E06-F3DE1FEA4522}.Release|Any CPU.ActiveCfg = Release|Any CPU
		{ACE36BD9-5A57-485C-8E06-F3DE1FEA4522}.Release|Any CPU.Build.0 = Release|Any CPU
	EndGlobalSection
	GlobalSection(SolutionProperties) = preSolution
		HideSolutionNode = FALSE
	EndGlobalSection
	GlobalSection(NestedProjects) = preSolution
		{022D54AB-DC25-4721-BA0A-233BDAB3CD0E} = {A60C3AE5-0885-47D8-BDD3-14EC77F5F7E5}
		{F285F59C-BC86-4DDD-9CE9-E797E7A96F07} = {A60C3AE5-0885-47D8-BDD3-14EC77F5F7E5}
		{2F6F271F-FF7B-4F2A-BD91-FE06CB55AC7D} = {5468871A-EAF8-459B-9897-5F07A4ECE56A}
		{D77FFE7E-9A3B-4C89-A4E7-EB15CEE8838A} = {2F6F271F-FF7B-4F2A-BD91-FE06CB55AC7D}
		{072CC8AC-79C5-49DE-BC27-609F08A7E447} = {2F6F271F-FF7B-4F2A-BD91-FE06CB55AC7D}
		{4731D618-AD96-4498-9162-2B1CFDB6114F} = {5468871A-EAF8-459B-9897-5F07A4ECE56A}
		{0A098333-B841-43B3-BA11-6E2E7E9B6A2E} = {4731D618-AD96-4498-9162-2B1CFDB6114F}
		{9FBA264A-ED79-4B83-AA25-31758FC5CC08} = {5468871A-EAF8-459B-9897-5F07A4ECE56A}
		{03D8F367-80A6-4CEA-A63E-09B430E31D74} = {5468871A-EAF8-459B-9897-5F07A4ECE56A}
		{4E6C2612-9749-466B-BBE1-82550C10088B} = {9FBA264A-ED79-4B83-AA25-31758FC5CC08}
		{412D0008-4776-414F-867D-BC886B66F530} = {9FBA264A-ED79-4B83-AA25-31758FC5CC08}
		{EB30FE4F-432A-4B0A-8836-0DD3A5C59566} = {9FBA264A-ED79-4B83-AA25-31758FC5CC08}
		{47440A5F-9AAA-486C-A6C0-707151659B62} = {4E6C2612-9749-466B-BBE1-82550C10088B}
		{AB5B02F4-7F79-47B6-A54D-AA1453569784} = {4E6C2612-9749-466B-BBE1-82550C10088B}
		{1FC17204-35EF-4D54-8E7A-A40D789C1F4C} = {4E6C2612-9749-466B-BBE1-82550C10088B}
		{9322A53F-0BF0-458B-8ABE-FC1598A66A8B} = {4E6C2612-9749-466B-BBE1-82550C10088B}
		{0A3933AC-9C36-419D-9CB2-C69D6985CB58} = {412D0008-4776-414F-867D-BC886B66F530}
		{DDCBE352-B523-4C12-906B-DB5FFB4D0902} = {412D0008-4776-414F-867D-BC886B66F530}
		{0FCF6328-0073-4037-9361-F5847DEC481E} = {412D0008-4776-414F-867D-BC886B66F530}
		{07ADC879-224D-483C-8E9D-12B0C77EDF61} = {412D0008-4776-414F-867D-BC886B66F530}
		{F92F216A-9A54-4A22-A2F5-1D357D5A027D} = {EB30FE4F-432A-4B0A-8836-0DD3A5C59566}
		{5A356638-BD09-443D-B0FE-670222C89287} = {EB30FE4F-432A-4B0A-8836-0DD3A5C59566}
		{0FF25A92-88E5-4055-9BE2-233A32617BFD} = {EB30FE4F-432A-4B0A-8836-0DD3A5C59566}
		{8FD15316-4864-4C82-BF51-8FE33A2055DB} = {EB30FE4F-432A-4B0A-8836-0DD3A5C59566}
		{01A338B8-B12C-4981-AC78-56D474990985} = {D77FFE7E-9A3B-4C89-A4E7-EB15CEE8838A}
		{046AD46B-2709-4864-8EC4-B68406330DEC} = {4731D618-AD96-4498-9162-2B1CFDB6114F}
		{C9FD1334-B284-4DC7-B5AA-3C9333249868} = {4731D618-AD96-4498-9162-2B1CFDB6114F}
		{50E88AC6-D515-4F11-9C48-FF93F6878E37} = {C9FD1334-B284-4DC7-B5AA-3C9333249868}
		{1102858A-A6A1-453D-A110-5163B89EA754} = {4731D618-AD96-4498-9162-2B1CFDB6114F}
		{B8C2B879-7D72-4079-821B-6C3D32C79A9E} = {0A098333-B841-43B3-BA11-6E2E7E9B6A2E}
		{8EE675FE-A8D2-4346-A66D-756F9AC024F5} = {4731D618-AD96-4498-9162-2B1CFDB6114F}
		{E24746EA-EFF8-47CA-ACF5-FC2DBB52CADA} = {C9FD1334-B284-4DC7-B5AA-3C9333249868}
		{12B817FD-E4F5-4B00-AC14-F0ED94A73B51} = {4731D618-AD96-4498-9162-2B1CFDB6114F}
		{4808F2EF-9BCC-48F4-8A7A-B81DAA56E91D} = {03D8F367-80A6-4CEA-A63E-09B430E31D74}
		{ACE36BD9-5A57-485C-8E06-F3DE1FEA4522} = {C9FD1334-B284-4DC7-B5AA-3C9333249868}
	EndGlobalSection
	GlobalSection(ExtensibilityGlobals) = postSolution
		SolutionGuid = {28AF60AF-B945-475B-B961-EB5DDF72F50B}
	EndGlobalSection
EndGlobal
